// !$*UTF8*$!
{
	archiveVersion = 1;
	classes = {
	};
	objectVersion = 50;
	objects = {

/* Begin PBXBuildFile section */
		77D7F69625CEE2FD00E19527 /* Tests_iOS.swift in Sources */ = {isa = PBXBuildFile; fileRef = 77D7F69525CEE2FD00E19527 /* Tests_iOS.swift */; };
		77D7F6A125CEE2FD00E19527 /* Tests_macOS.swift in Sources */ = {isa = PBXBuildFile; fileRef = 77D7F6A025CEE2FD00E19527 /* Tests_macOS.swift */; };
		77D7F6A325CEE2FD00E19527 /* Practica1_tiposdedatosApp.swift in Sources */ = {isa = PBXBuildFile; fileRef = 77D7F67A25CEE2FD00E19527 /* Practica1_tiposdedatosApp.swift */; };
		77D7F6A425CEE2FD00E19527 /* Practica1_tiposdedatosApp.swift in Sources */ = {isa = PBXBuildFile; fileRef = 77D7F67A25CEE2FD00E19527 /* Practica1_tiposdedatosApp.swift */; };
		77D7F6A525CEE2FD00E19527 /* ContentView.swift in Sources */ = {isa = PBXBuildFile; fileRef = 77D7F67B25CEE2FD00E19527 /* ContentView.swift */; };
		77D7F6A625CEE2FD00E19527 /* ContentView.swift in Sources */ = {isa = PBXBuildFile; fileRef = 77D7F67B25CEE2FD00E19527 /* ContentView.swift */; };
		77D7F6A725CEE2FD00E19527 /* Assets.xcassets in Resources */ = {isa = PBXBuildFile; fileRef = 77D7F67C25CEE2FD00E19527 /* Assets.xcassets */; };
		77D7F6A825CEE2FD00E19527 /* Assets.xcassets in Resources */ = {isa = PBXBuildFile; fileRef = 77D7F67C25CEE2FD00E19527 /* Assets.xcassets */; };
/* End PBXBuildFile section */

/* Begin PBXContainerItemProxy section */
		77D7F69225CEE2FD00E19527 /* PBXContainerItemProxy */ = {
			isa = PBXContainerItemProxy;
			containerPortal = 77D7F67525CEE2FD00E19527 /* Project object */;
			proxyType = 1;
			remoteGlobalIDString = 77D7F68025CEE2FD00E19527;
			remoteInfo = "Practica1-tiposdedatos (iOS)";
		};
		77D7F69D25CEE2FD00E19527 /* PBXContainerItemProxy */ = {
			isa = PBXContainerItemProxy;
			containerPortal = 77D7F67525CEE2FD00E19527 /* Project object */;
			proxyType = 1;
			remoteGlobalIDString = 77D7F68825CEE2FD00E19527;
			remoteInfo = "Practica1-tiposdedatos (macOS)";
		};
/* End PBXContainerItemProxy section */

/* Begin PBXFileReference section */
		77D7F67A25CEE2FD00E19527 /* Practica1_tiposdedatosApp.swift */ = {isa = PBXFileReference; lastKnownFileType = sourcecode.swift; path = Practica1_tiposdedatosApp.swift; sourceTree = "<group>"; };
		77D7F67B25CEE2FD00E19527 /* ContentView.swift */ = {isa = PBXFileReference; lastKnownFileType = sourcecode.swift; path = ContentView.swift; sourceTree = "<group>"; };
		77D7F67C25CEE2FD00E19527 /* Assets.xcassets */ = {isa = PBXFileReference; lastKnownFileType = folder.assetcatalog; path = Assets.xcassets; sourceTree = "<group>"; };
		77D7F68125CEE2FD00E19527 /* Practica1-tiposdedatos.app */ = {isa = PBXFileReference; explicitFileType = wrapper.application; includeInIndex = 0; path = "Practica1-tiposdedatos.app"; sourceTree = BUILT_PRODUCTS_DIR; };
		77D7F68425CEE2FD00E19527 /* Info.plist */ = {isa = PBXFileReference; lastKnownFileType = text.plist.xml; path = Info.plist; sourceTree = "<group>"; };
		77D7F68925CEE2FD00E19527 /* Practica1-tiposdedatos.app */ = {isa = PBXFileReference; explicitFileType = wrapper.application; includeInIndex = 0; path = "Practica1-tiposdedatos.app"; sourceTree = BUILT_PRODUCTS_DIR; };
		77D7F68B25CEE2FD00E19527 /* Info.plist */ = {isa = PBXFileReference; lastKnownFileType = text.plist.xml; path = Info.plist; sourceTree = "<group>"; };
		77D7F68C25CEE2FD00E19527 /* macOS.entitlements */ = {isa = PBXFileReference; lastKnownFileType = text.plist.entitlements; path = macOS.entitlements; sourceTree = "<group>"; };
		77D7F69125CEE2FD00E19527 /* Tests iOS.xctest */ = {isa = PBXFileReference; explicitFileType = wrapper.cfbundle; includeInIndex = 0; path = "Tests iOS.xctest"; sourceTree = BUILT_PRODUCTS_DIR; };
		77D7F69525CEE2FD00E19527 /* Tests_iOS.swift */ = {isa = PBXFileReference; lastKnownFileType = sourcecode.swift; path = Tests_iOS.swift; sourceTree = "<group>"; };
		77D7F69725CEE2FD00E19527 /* Info.plist */ = {isa = PBXFileReference; lastKnownFileType = text.plist.xml; path = Info.plist; sourceTree = "<group>"; };
		77D7F69C25CEE2FD00E19527 /* Tests macOS.xctest */ = {isa = PBXFileReference; explicitFileType = wrapper.cfbundle; includeInIndex = 0; path = "Tests macOS.xctest"; sourceTree = BUILT_PRODUCTS_DIR; };
		77D7F6A025CEE2FD00E19527 /* Tests_macOS.swift */ = {isa = PBXFileReference; lastKnownFileType = sourcecode.swift; path = Tests_macOS.swift; sourceTree = "<group>"; };
		77D7F6A225CEE2FD00E19527 /* Info.plist */ = {isa = PBXFileReference; lastKnownFileType = text.plist.xml; path = Info.plist; sourceTree = "<group>"; };
/* End PBXFileReference section */

/* Begin PBXFrameworksBuildPhase section */
		77D7F67E25CEE2FD00E19527 /* Frameworks */ = {
			isa = PBXFrameworksBuildPhase;
			buildActionMask = 2147483647;
			files = (
			);
			runOnlyForDeploymentPostprocessing = 0;
		};
		77D7F68625CEE2FD00E19527 /* Frameworks */ = {
			isa = PBXFrameworksBuildPhase;
			buildActionMask = 2147483647;
			files = (
			);
			runOnlyForDeploymentPostprocessing = 0;
		};
		77D7F68E25CEE2FD00E19527 /* Frameworks */ = {
			isa = PBXFrameworksBuildPhase;
			buildActionMask = 2147483647;
			files = (
			);
			runOnlyForDeploymentPostprocessing = 0;
		};
		77D7F69925CEE2FD00E19527 /* Frameworks */ = {
			isa = PBXFrameworksBuildPhase;
			buildActionMask = 2147483647;
			files = (
			);
			runOnlyForDeploymentPostprocessing = 0;
		};
/* End PBXFrameworksBuildPhase section */

/* Begin PBXGroup section */
		77D7F67425CEE2FD00E19527 = {
			isa = PBXGroup;
			children = (
				77D7F67925CEE2FD00E19527 /* Shared */,
				77D7F68325CEE2FD00E19527 /* iOS */,
				77D7F68A25CEE2FD00E19527 /* macOS */,
				77D7F69425CEE2FD00E19527 /* Tests iOS */,
				77D7F69F25CEE2FD00E19527 /* Tests macOS */,
				77D7F68225CEE2FD00E19527 /* Products */,
			);
			sourceTree = "<group>";
		};
		77D7F67925CEE2FD00E19527 /* Shared */ = {
			isa = PBXGroup;
			children = (
				77D7F67A25CEE2FD00E19527 /* Practica1_tiposdedatosApp.swift */,
				77D7F67B25CEE2FD00E19527 /* ContentView.swift */,
				77D7F67C25CEE2FD00E19527 /* Assets.xcassets */,
			);
			path = Shared;
			sourceTree = "<group>";
		};
		77D7F68225CEE2FD00E19527 /* Products */ = {
			isa = PBXGroup;
			children = (
				77D7F68125CEE2FD00E19527 /* Practica1-tiposdedatos.app */,
				77D7F68925CEE2FD00E19527 /* Practica1-tiposdedatos.app */,
				77D7F69125CEE2FD00E19527 /* Tests iOS.xctest */,
				77D7F69C25CEE2FD00E19527 /* Tests macOS.xctest */,
			);
			name = Products;
			sourceTree = "<group>";
		};
		77D7F68325CEE2FD00E19527 /* iOS */ = {
			isa = PBXGroup;
			children = (
				77D7F68425CEE2FD00E19527 /* Info.plist */,
			);
			path = iOS;
			sourceTree = "<group>";
		};
		77D7F68A25CEE2FD00E19527 /* macOS */ = {
			isa = PBXGroup;
			children = (
				77D7F68B25CEE2FD00E19527 /* Info.plist */,
				77D7F68C25CEE2FD00E19527 /* macOS.entitlements */,
			);
			path = macOS;
			sourceTree = "<group>";
		};
		77D7F69425CEE2FD00E19527 /* Tests iOS */ = {
			isa = PBXGroup;
			children = (
				77D7F69525CEE2FD00E19527 /* Tests_iOS.swift */,
				77D7F69725CEE2FD00E19527 /* Info.plist */,
			);
			path = "Tests iOS";
			sourceTree = "<group>";
		};
		77D7F69F25CEE2FD00E19527 /* Tests macOS */ = {
			isa = PBXGroup;
			children = (
				77D7F6A025CEE2FD00E19527 /* Tests_macOS.swift */,
				77D7F6A225CEE2FD00E19527 /* Info.plist */,
			);
			path = "Tests macOS";
			sourceTree = "<group>";
		};
/* End PBXGroup section */

/* Begin PBXNativeTarget section */
		77D7F68025CEE2FD00E19527 /* Practica1-tiposdedatos (iOS) */ = {
			isa = PBXNativeTarget;
			buildConfigurationList = 77D7F6AB25CEE2FD00E19527 /* Build configuration list for PBXNativeTarget "Practica1-tiposdedatos (iOS)" */;
			buildPhases = (
				77D7F67D25CEE2FD00E19527 /* Sources */,
				77D7F67E25CEE2FD00E19527 /* Frameworks */,
				77D7F67F25CEE2FD00E19527 /* Resources */,
			);
			buildRules = (
			);
			dependencies = (
			);
			name = "Practica1-tiposdedatos (iOS)";
			productName = "Practica1-tiposdedatos (iOS)";
			productReference = 77D7F68125CEE2FD00E19527 /* Practica1-tiposdedatos.app */;
			productType = "com.apple.product-type.application";
		};
		77D7F68825CEE2FD00E19527 /* Practica1-tiposdedatos (macOS) */ = {
			isa = PBXNativeTarget;
			buildConfigurationList = 77D7F6AE25CEE2FD00E19527 /* Build configuration list for PBXNativeTarget "Practica1-tiposdedatos (macOS)" */;
			buildPhases = (
				77D7F68525CEE2FD00E19527 /* Sources */,
				77D7F68625CEE2FD00E19527 /* Frameworks */,
				77D7F68725CEE2FD00E19527 /* Resources */,
			);
			buildRules = (
			);
			dependencies = (
			);
			name = "Practica1-tiposdedatos (macOS)";
			productName = "Practica1-tiposdedatos (macOS)";
			productReference = 77D7F68925CEE2FD00E19527 /* Practica1-tiposdedatos.app */;
			productType = "com.apple.product-type.application";
		};
		77D7F69025CEE2FD00E19527 /* Tests iOS */ = {
			isa = PBXNativeTarget;
			buildConfigurationList = 77D7F6B125CEE2FD00E19527 /* Build configuration list for PBXNativeTarget "Tests iOS" */;
			buildPhases = (
				77D7F68D25CEE2FD00E19527 /* Sources */,
				77D7F68E25CEE2FD00E19527 /* Frameworks */,
				77D7F68F25CEE2FD00E19527 /* Resources */,
			);
			buildRules = (
			);
			dependencies = (
				77D7F69325CEE2FD00E19527 /* PBXTargetDependency */,
			);
			name = "Tests iOS";
			productName = "Tests iOS";
			productReference = 77D7F69125CEE2FD00E19527 /* Tests iOS.xctest */;
			productType = "com.apple.product-type.bundle.ui-testing";
		};
		77D7F69B25CEE2FD00E19527 /* Tests macOS */ = {
			isa = PBXNativeTarget;
			buildConfigurationList = 77D7F6B425CEE2FD00E19527 /* Build configuration list for PBXNativeTarget "Tests macOS" */;
			buildPhases = (
				77D7F69825CEE2FD00E19527 /* Sources */,
				77D7F69925CEE2FD00E19527 /* Frameworks */,
				77D7F69A25CEE2FD00E19527 /* Resources */,
			);
			buildRules = (
			);
			dependencies = (
				77D7F69E25CEE2FD00E19527 /* PBXTargetDependency */,
			);
			name = "Tests macOS";
			productName = "Tests macOS";
			productReference = 77D7F69C25CEE2FD00E19527 /* Tests macOS.xctest */;
			productType = "com.apple.product-type.bundle.ui-testing";
		};
/* End PBXNativeTarget section */

/* Begin PBXProject section */
		77D7F67525CEE2FD00E19527 /* Project object */ = {
			isa = PBXProject;
			attributes = {
				LastSwiftUpdateCheck = 1220;
				LastUpgradeCheck = 1220;
				TargetAttributes = {
					77D7F68025CEE2FD00E19527 = {
						CreatedOnToolsVersion = 12.2;
					};
					77D7F68825CEE2FD00E19527 = {
						CreatedOnToolsVersion = 12.2;
					};
					77D7F69025CEE2FD00E19527 = {
						CreatedOnToolsVersion = 12.2;
						TestTargetID = 77D7F68025CEE2FD00E19527;
					};
					77D7F69B25CEE2FD00E19527 = {
						CreatedOnToolsVersion = 12.2;
						TestTargetID = 77D7F68825CEE2FD00E19527;
					};
				};
			};
			buildConfigurationList = 77D7F67825CEE2FD00E19527 /* Build configuration list for PBXProject "Practica1-tiposdedatos" */;
			compatibilityVersion = "Xcode 9.3";
			developmentRegion = en;
			hasScannedForEncodings = 0;
			knownRegions = (
				en,
				Base,
			);
			mainGroup = 77D7F67425CEE2FD00E19527;
			productRefGroup = 77D7F68225CEE2FD00E19527 /* Products */;
			projectDirPath = "";
			projectRoot = "";
			targets = (
				77D7F68025CEE2FD00E19527 /* Practica1-tiposdedatos (iOS) */,
				77D7F68825CEE2FD00E19527 /* Practica1-tiposdedatos (macOS) */,
				77D7F69025CEE2FD00E19527 /* Tests iOS */,
				77D7F69B25CEE2FD00E19527 /* Tests macOS */,
			);
		};
/* End PBXProject section */

/* Begin PBXResourcesBuildPhase section */
		77D7F67F25CEE2FD00E19527 /* Resources */ = {
			isa = PBXResourcesBuildPhase;
			buildActionMask = 2147483647;
			files = (
				77D7F6A725CEE2FD00E19527 /* Assets.xcassets in Resources */,
			);
			runOnlyForDeploymentPostprocessing = 0;
		};
		77D7F68725CEE2FD00E19527 /* Resources */ = {
			isa = PBXResourcesBuildPhase;
			buildActionMask = 2147483647;
			files = (
				77D7F6A825CEE2FD00E19527 /* Assets.xcassets in Resources */,
			);
			runOnlyForDeploymentPostprocessing = 0;
		};
		77D7F68F25CEE2FD00E19527 /* Resources */ = {
			isa = PBXResourcesBuildPhase;
			buildActionMask = 2147483647;
			files = (
			);
			runOnlyForDeploymentPostprocessing = 0;
		};
		77D7F69A25CEE2FD00E19527 /* Resources */ = {
			isa = PBXResourcesBuildPhase;
			buildActionMask = 2147483647;
			files = (
			);
			runOnlyForDeploymentPostprocessing = 0;
		};
/* End PBXResourcesBuildPhase section */

/* Begin PBXSourcesBuildPhase section */
		77D7F67D25CEE2FD00E19527 /* Sources */ = {
			isa = PBXSourcesBuildPhase;
			buildActionMask = 2147483647;
			files = (
				77D7F6A525CEE2FD00E19527 /* ContentView.swift in Sources */,
				77D7F6A325CEE2FD00E19527 /* Practica1_tiposdedatosApp.swift in Sources */,
			);
			runOnlyForDeploymentPostprocessing = 0;
		};
		77D7F68525CEE2FD00E19527 /* Sources */ = {
			isa = PBXSourcesBuildPhase;
			buildActionMask = 2147483647;
			files = (
				77D7F6A625CEE2FD00E19527 /* ContentView.swift in Sources */,
				77D7F6A425CEE2FD00E19527 /* Practica1_tiposdedatosApp.swift in Sources */,
			);
			runOnlyForDeploymentPostprocessing = 0;
		};
		77D7F68D25CEE2FD00E19527 /* Sources */ = {
			isa = PBXSourcesBuildPhase;
			buildActionMask = 2147483647;
			files = (
				77D7F69625CEE2FD00E19527 /* Tests_iOS.swift in Sources */,
			);
			runOnlyForDeploymentPostprocessing = 0;
		};
		77D7F69825CEE2FD00E19527 /* Sources */ = {
			isa = PBXSourcesBuildPhase;
			buildActionMask = 2147483647;
			files = (
				77D7F6A125CEE2FD00E19527 /* Tests_macOS.swift in Sources */,
			);
			runOnlyForDeploymentPostprocessing = 0;
		};
/* End PBXSourcesBuildPhase section */

/* Begin PBXTargetDependency section */
		77D7F69325CEE2FD00E19527 /* PBXTargetDependency */ = {
			isa = PBXTargetDependency;
			target = 77D7F68025CEE2FD00E19527 /* Practica1-tiposdedatos (iOS) */;
			targetProxy = 77D7F69225CEE2FD00E19527 /* PBXContainerItemProxy */;
		};
		77D7F69E25CEE2FD00E19527 /* PBXTargetDependency */ = {
			isa = PBXTargetDependency;
			target = 77D7F68825CEE2FD00E19527 /* Practica1-tiposdedatos (macOS) */;
			targetProxy = 77D7F69D25CEE2FD00E19527 /* PBXContainerItemProxy */;
		};
/* End PBXTargetDependency section */

/* Begin XCBuildConfiguration section */
		77D7F6A925CEE2FD00E19527 /* Debug */ = {
			isa = XCBuildConfiguration;
			buildSettings = {
				ALWAYS_SEARCH_USER_PATHS = NO;
				CLANG_ANALYZER_NONNULL = YES;
				CLANG_ANALYZER_NUMBER_OBJECT_CONVERSION = YES_AGGRESSIVE;
				CLANG_CXX_LANGUAGE_STANDARD = "gnu++14";
				CLANG_CXX_LIBRARY = "libc++";
				CLANG_ENABLE_MODULES = YES;
				CLANG_ENABLE_OBJC_ARC = YES;
				CLANG_ENABLE_OBJC_WEAK = YES;
				CLANG_WARN_BLOCK_CAPTURE_AUTORELEASING = YES;
				CLANG_WARN_BOOL_CONVERSION = YES;
				CLANG_WARN_COMMA = YES;
				CLANG_WARN_CONSTANT_CONVERSION = YES;
				CLANG_WARN_DEPRECATED_OBJC_IMPLEMENTATIONS = YES;
				CLANG_WARN_DIRECT_OBJC_ISA_USAGE = YES_ERROR;
				CLANG_WARN_DOCUMENTATION_COMMENTS = YES;
				CLANG_WARN_EMPTY_BODY = YES;
				CLANG_WARN_ENUM_CONVERSION = YES;
				CLANG_WARN_INFINITE_RECURSION = YES;
				CLANG_WARN_INT_CONVERSION = YES;
				CLANG_WARN_NON_LITERAL_NULL_CONVERSION = YES;
				CLANG_WARN_OBJC_IMPLICIT_RETAIN_SELF = YES;
				CLANG_WARN_OBJC_LITERAL_CONVERSION = YES;
				CLANG_WARN_OBJC_ROOT_CLASS = YES_ERROR;
				CLANG_WARN_QUOTED_INCLUDE_IN_FRAMEWORK_HEADER = YES;
				CLANG_WARN_RANGE_LOOP_ANALYSIS = YES;
				CLANG_WARN_STRICT_PROTOTYPES = YES;
				CLANG_WARN_SUSPICIOUS_MOVE = YES;
				CLANG_WARN_UNGUARDED_AVAILABILITY = YES_AGGRESSIVE;
				CLANG_WARN_UNREACHABLE_CODE = YES;
				CLANG_WARN__DUPLICATE_METHOD_MATCH = YES;
				COPY_PHASE_STRIP = NO;
				DEBUG_INFORMATION_FORMAT = dwarf;
				ENABLE_STRICT_OBJC_MSGSEND = YES;
				ENABLE_TESTABILITY = YES;
				GCC_C_LANGUAGE_STANDARD = gnu11;
				GCC_DYNAMIC_NO_PIC = NO;
				GCC_NO_COMMON_BLOCKS = YES;
				GCC_OPTIMIZATION_LEVEL = 0;
				GCC_PREPROCESSOR_DEFINITIONS = (
					"DEBUG=1",
					"$(inherited)",
				);
				GCC_WARN_64_TO_32_BIT_CONVERSION = YES;
				GCC_WARN_ABOUT_RETURN_TYPE = YES_ERROR;
				GCC_WARN_UNDECLARED_SELECTOR = YES;
				GCC_WARN_UNINITIALIZED_AUTOS = YES_AGGRESSIVE;
				GCC_WARN_UNUSED_FUNCTION = YES;
				GCC_WARN_UNUSED_VARIABLE = YES;
				MTL_ENABLE_DEBUG_INFO = INCLUDE_SOURCE;
				MTL_FAST_MATH = YES;
				ONLY_ACTIVE_ARCH = YES;
				SWIFT_ACTIVE_COMPILATION_CONDITIONS = DEBUG;
				SWIFT_OPTIMIZATION_LEVEL = "-Onone";
			};
			name = Debug;
		};
		77D7F6AA25CEE2FD00E19527 /* Release */ = {
			isa = XCBuildConfiguration;
			buildSettings = {
				ALWAYS_SEARCH_USER_PATHS = NO;
				CLANG_ANALYZER_NONNULL = YES;
				CLANG_ANALYZER_NUMBER_OBJECT_CONVERSION = YES_AGGRESSIVE;
				CLANG_CXX_LANGUAGE_STANDARD = "gnu++14";
				CLANG_CXX_LIBRARY = "libc++";
				CLANG_ENABLE_MODULES = YES;
				CLANG_ENABLE_OBJC_ARC = YES;
				CLANG_ENABLE_OBJC_WEAK = YES;
				CLANG_WARN_BLOCK_CAPTURE_AUTORELEASING = YES;
				CLANG_WARN_BOOL_CONVERSION = YES;
				CLANG_WARN_COMMA = YES;
				CLANG_WARN_CONSTANT_CONVERSION = YES;
				CLANG_WARN_DEPRECATED_OBJC_IMPLEMENTATIONS = YES;
				CLANG_WARN_DIRECT_OBJC_ISA_USAGE = YES_ERROR;
				CLANG_WARN_DOCUMENTATION_COMMENTS = YES;
				CLANG_WARN_EMPTY_BODY = YES;
				CLANG_WARN_ENUM_CONVERSION = YES;
				CLANG_WARN_INFINITE_RECURSION = YES;
				CLANG_WARN_INT_CONVERSION = YES;
				CLANG_WARN_NON_LITERAL_NULL_CONVERSION = YES;
				CLANG_WARN_OBJC_IMPLICIT_RETAIN_SELF = YES;
				CLANG_WARN_OBJC_LITERAL_CONVERSION = YES;
				CLANG_WARN_OBJC_ROOT_CLASS = YES_ERROR;
				CLANG_WARN_QUOTED_INCLUDE_IN_FRAMEWORK_HEADER = YES;
				CLANG_WARN_RANGE_LOOP_ANALYSIS = YES;
				CLANG_WARN_STRICT_PROTOTYPES = YES;
				CLANG_WARN_SUSPICIOUS_MOVE = YES;
				CLANG_WARN_UNGUARDED_AVAILABILITY = YES_AGGRESSIVE;
				CLANG_WARN_UNREACHABLE_CODE = YES;
				CLANG_WARN__DUPLICATE_METHOD_MATCH = YES;
				COPY_PHASE_STRIP = NO;
				DEBUG_INFORMATION_FORMAT = "dwarf-with-dsym";
				ENABLE_NS_ASSERTIONS = NO;
				ENABLE_STRICT_OBJC_MSGSEND = YES;
				GCC_C_LANGUAGE_STANDARD = gnu11;
				GCC_NO_COMMON_BLOCKS = YES;
				GCC_WARN_64_TO_32_BIT_CONVERSION = YES;
				GCC_WARN_ABOUT_RETURN_TYPE = YES_ERROR;
				GCC_WARN_UNDECLARED_SELECTOR = YES;
				GCC_WARN_UNINITIALIZED_AUTOS = YES_AGGRESSIVE;
				GCC_WARN_UNUSED_FUNCTION = YES;
				GCC_WARN_UNUSED_VARIABLE = YES;
				MTL_ENABLE_DEBUG_INFO = NO;
				MTL_FAST_MATH = YES;
				SWIFT_COMPILATION_MODE = wholemodule;
				SWIFT_OPTIMIZATION_LEVEL = "-O";
			};
			name = Release;
		};
		77D7F6AC25CEE2FD00E19527 /* Debug */ = {
			isa = XCBuildConfiguration;
			buildSettings = {
				ASSETCATALOG_COMPILER_APPICON_NAME = AppIcon;
				ASSETCATALOG_COMPILER_GLOBAL_ACCENT_COLOR_NAME = AccentColor;
				CODE_SIGN_STYLE = Automatic;
				ENABLE_PREVIEWS = YES;
				INFOPLIST_FILE = iOS/Info.plist;
				IPHONEOS_DEPLOYMENT_TARGET = 14.0;
				LD_RUNPATH_SEARCH_PATHS = (
					"$(inherited)",
					"@executable_path/Frameworks",
				);
				PRODUCT_BUNDLE_IDENTIFIER = "com..Practica1-tiposdedatos";
				PRODUCT_NAME = "Practica1-tiposdedatos";
				SDKROOT = iphoneos;
				SWIFT_VERSION = 5.0;
				TARGETED_DEVICE_FAMILY = "1,2";
			};
			name = Debug;
		};
		77D7F6AD25CEE2FD00E19527 /* Release */ = {
			isa = XCBuildConfiguration;
			buildSettings = {
				ASSETCATALOG_COMPILER_APPICON_NAME = AppIcon;
				ASSETCATALOG_COMPILER_GLOBAL_ACCENT_COLOR_NAME = AccentColor;
				CODE_SIGN_STYLE = Automatic;
				ENABLE_PREVIEWS = YES;
				INFOPLIST_FILE = iOS/Info.plist;
				IPHONEOS_DEPLOYMENT_TARGET = 14.0;
				LD_RUNPATH_SEARCH_PATHS = (
					"$(inherited)",
					"@executable_path/Frameworks",
				);
				PRODUCT_BUNDLE_IDENTIFIER = "com..Practica1-tiposdedatos";
				PRODUCT_NAME = "Practica1-tiposdedatos";
				SDKROOT = iphoneos;
				SWIFT_VERSION = 5.0;
				TARGETED_DEVICE_FAMILY = "1,2";
				VALIDATE_PRODUCT = YES;
			};
			name = Release;
		};
		77D7F6AF25CEE2FD00E19527 /* Debug */ = {
			isa = XCBuildConfiguration;
			buildSettings = {
				ASSETCATALOG_COMPILER_APPICON_NAME = AppIcon;
				ASSETCATALOG_COMPILER_GLOBAL_ACCENT_COLOR_NAME = AccentColor;
				CODE_SIGN_ENTITLEMENTS = macOS/macOS.entitlements;
				CODE_SIGN_STYLE = Automatic;
				COMBINE_HIDPI_IMAGES = YES;
				ENABLE_PREVIEWS = YES;
				INFOPLIST_FILE = macOS/Info.plist;
				LD_RUNPATH_SEARCH_PATHS = (
					"$(inherited)",
					"@executable_path/../Frameworks",
				);
				MACOSX_DEPLOYMENT_TARGET = 11.0;
				PRODUCT_BUNDLE_IDENTIFIER = "com..Practica1-tiposdedatos";
				PRODUCT_NAME = "Practica1-tiposdedatos";
				SDKROOT = macosx;
				SWIFT_VERSION = 5.0;
			};
			name = Debug;
		};
		77D7F6B025CEE2FD00E19527 /* Release */ = {
			isa = XCBuildConfiguration;
			buildSettings = {
				ASSETCATALOG_COMPILER_APPICON_NAME = AppIcon;
				ASSETCATALOG_COMPILER_GLOBAL_ACCENT_COLOR_NAME = AccentColor;
				CODE_SIGN_ENTITLEMENTS = macOS/macOS.entitlements;
				CODE_SIGN_STYLE = Automatic;
				COMBINE_HIDPI_IMAGES = YES;
				ENABLE_PREVIEWS = YES;
				INFOPLIST_FILE = macOS/Info.plist;
				LD_RUNPATH_SEARCH_PATHS = (
					"$(inherited)",
					"@executable_path/../Frameworks",
				);
				MACOSX_DEPLOYMENT_TARGET = 11.0;
				PRODUCT_BUNDLE_IDENTIFIER = "com..Practica1-tiposdedatos";
				PRODUCT_NAME = "Practica1-tiposdedatos";
				SDKROOT = macosx;
				SWIFT_VERSION = 5.0;
			};
			name = Release;
		};
		77D7F6B225CEE2FD00E19527 /* Debug */ = {
			isa = XCBuildConfiguration;
			buildSettings = {
				ALWAYS_EMBED_SWIFT_STANDARD_LIBRARIES = YES;
				CODE_SIGN_STYLE = Automatic;
				INFOPLIST_FILE = "Tests iOS/Info.plist";
				IPHONEOS_DEPLOYMENT_TARGET = 14.2;
				LD_RUNPATH_SEARCH_PATHS = (
					"$(inherited)",
					"@executable_path/Frameworks",
					"@loader_path/Frameworks",
				);
				PRODUCT_BUNDLE_IDENTIFIER = "com..Tests-iOS";
				PRODUCT_NAME = "$(TARGET_NAME)";
				SDKROOT = iphoneos;
				SWIFT_VERSION = 5.0;
				TARGETED_DEVICE_FAMILY = "1,2";
				TEST_TARGET_NAME = "Practica1-tiposdedatos (iOS)";
			};
			name = Debug;
		};
		77D7F6B325CEE2FD00E19527 /* Release */ = {
			isa = XCBuildConfiguration;
			buildSettings = {
				ALWAYS_EMBED_SWIFT_STANDARD_LIBRARIES = YES;
				CODE_SIGN_STYLE = Automatic;
				INFOPLIST_FILE = "Tests iOS/Info.plist";
				IPHONEOS_DEPLOYMENT_TARGET = 14.2;
				LD_RUNPATH_SEARCH_PATHS = (
					"$(inherited)",
					"@executable_path/Frameworks",
					"@loader_path/Frameworks",
				);
				PRODUCT_BUNDLE_IDENTIFIER = "com..Tests-iOS";
				PRODUCT_NAME = "$(TARGET_NAME)";
				SDKROOT = iphoneos;
				SWIFT_VERSION = 5.0;
				TARGETED_DEVICE_FAMILY = "1,2";
				TEST_TARGET_NAME = "Practica1-tiposdedatos (iOS)";
				VALIDATE_PRODUCT = YES;
			};
			name = Release;
		};
		77D7F6B525CEE2FD00E19527 /* Debug */ = {
			isa = XCBuildConfiguration;
			buildSettings = {
				ALWAYS_EMBED_SWIFT_STANDARD_LIBRARIES = YES;
				CODE_SIGN_STYLE = Automatic;
				COMBINE_HIDPI_IMAGES = YES;
				INFOPLIST_FILE = "Tests macOS/Info.plist";
				LD_RUNPATH_SEARCH_PATHS = (
					"$(inherited)",
					"@executable_path/../Frameworks",
					"@loader_path/../Frameworks",
				);
				MACOSX_DEPLOYMENT_TARGET = 10.15;
				PRODUCT_BUNDLE_IDENTIFIER = "com..Tests-macOS";
				PRODUCT_NAME = "$(TARGET_NAME)";
				SDKROOT = macosx;
				SWIFT_VERSION = 5.0;
				TEST_TARGET_NAME = "Practica1-tiposdedatos (macOS)";
			};
			name = Debug;
		};
		77D7F6B625CEE2FD00E19527 /* Release */ = {
			isa = XCBuildConfiguration;
			buildSettings = {
				ALWAYS_EMBED_SWIFT_STANDARD_LIBRARIES = YES;
				CODE_SIGN_STYLE = Automatic;
				COMBINE_HIDPI_IMAGES = YES;
				INFOPLIST_FILE = "Tests macOS/Info.plist";
				LD_RUNPATH_SEARCH_PATHS = (
					"$(inherited)",
					"@executable_path/../Frameworks",
					"@loader_path/../Frameworks",
				);
				MACOSX_DEPLOYMENT_TARGET = 10.15;
				PRODUCT_BUNDLE_IDENTIFIER = "com..Tests-macOS";
				PRODUCT_NAME = "$(TARGET_NAME)";
				SDKROOT = macosx;
				SWIFT_VERSION = 5.0;
				TEST_TARGET_NAME = "Practica1-tiposdedatos (macOS)";
			};
			name = Release;
		};
/* End XCBuildConfiguration section */

/* Begin XCConfigurationList section */
		77D7F67825CEE2FD00E19527 /* Build configuration list for PBXProject "Practica1-tiposdedatos" */ = {
			isa = XCConfigurationList;
			buildConfigurations = (
				77D7F6A925CEE2FD00E19527 /* Debug */,
				77D7F6AA25CEE2FD00E19527 /* Release */,
			);
			defaultConfigurationIsVisible = 0;
			defaultConfigurationName = Release;
		};
		77D7F6AB25CEE2FD00E19527 /* Build configuration list for PBXNativeTarget "Practica1-tiposdedatos (iOS)" */ = {
			isa = XCConfigurationList;
			buildConfigurations = (
				77D7F6AC25CEE2FD00E19527 /* Debug */,
				77D7F6AD25CEE2FD00E19527 /* Release */,
			);
			defaultConfigurationIsVisible = 0;
			defaultConfigurationName = Release;
		};
		77D7F6AE25CEE2FD00E19527 /* Build configuration list for PBXNativeTarget "Practica1-tiposdedatos (macOS)" */ = {
			isa = XCConfigurationList;
			buildConfigurations = (
				77D7F6AF25CEE2FD00E19527 /* Debug */,
				77D7F6B025CEE2FD00E19527 /* Release */,
			);
			defaultConfigurationIsVisible = 0;
			defaultConfigurationName = Release;
		};
		77D7F6B125CEE2FD00E19527 /* Build configuration list for PBXNativeTarget "Tests iOS" */ = {
			isa = XCConfigurationList;
			buildConfigurations = (
				77D7F6B225CEE2FD00E19527 /* Debug */,
				77D7F6B325CEE2FD00E19527 /* Release */,
			);
			defaultConfigurationIsVisible = 0;
			defaultConfigurationName = Release;
		};
		77D7F6B425CEE2FD00E19527 /* Build configuration list for PBXNativeTarget "Tests macOS" */ = {
			isa = XCConfigurationList;
			buildConfigurations = (
				77D7F6B525CEE2FD00E19527 /* Debug */,
				77D7F6B625CEE2FD00E19527 /* Release */,
			);
			defaultConfigurationIsVisible = 0;
			defaultConfigurationName = Release;
		};
/* End XCConfigurationList section */
	};
	rootObject = 77D7F67525CEE2FD00E19527 /* Project object */;
}
